{
  "name": "desktop-audio-capture-sample",
  "version": "1.0.0",
  "lockfileVersion": 3,
  "requires": true,
  "packages": {
    "": {
      "name": "desktop-audio-capture-sample",
      "version": "1.0.0",
      "dependencies": {
        "@voibo/desktop-audio-capture": "file:../.."
      }
    },
    "../..": {
      "name": "@voibo/desktop-media-capture",
      "version": "2.1.5",
      "hasInstallScript": true,
      "license": "MIT",
      "dependencies": {
        "bindings": "^1.5.0"
      },
      "peerDependencies": {
        "cmake-js": "^7.3.0",
        "node-addon-api": "^8.0.0"
      }
    },
    "node_modules/@voibo/desktop-audio-capture": {
      "resolved": "../..",
      "link": true
    }
  }
}
